// !$*UTF8*$!
{
	archiveVersion = 1;
	classes = {
	};
	objectVersion = 50;
	objects = {

/* Begin PBXBuildFile section */
		114C7D1A237BFAB300E24C8A /* AppDelegate.swift in Sources */ = {isa = PBXBuildFile; fileRef = 114C7D19237BFAB300E24C8A /* AppDelegate.swift */; };
		114C7D1C237BFAB300E24C8A /* SceneDelegate.swift in Sources */ = {isa = PBXBuildFile; fileRef = 114C7D1B237BFAB300E24C8A /* SceneDelegate.swift */; };
		114C7D1E237BFAB300E24C8A /* ContentView.swift in Sources */ = {isa = PBXBuildFile; fileRef = 114C7D1D237BFAB300E24C8A /* ContentView.swift */; };
		114C7D20237BFAB400E24C8A /* Assets.xcassets in Resources */ = {isa = PBXBuildFile; fileRef = 114C7D1F237BFAB400E24C8A /* Assets.xcassets */; };
		114C7D23237BFAB400E24C8A /* Preview Assets.xcassets in Resources */ = {isa = PBXBuildFile; fileRef = 114C7D22237BFAB400E24C8A /* Preview Assets.xcassets */; };
		114C7D26237BFAB400E24C8A /* LaunchScreen.storyboard in Resources */ = {isa = PBXBuildFile; fileRef = 114C7D24237BFAB400E24C8A /* LaunchScreen.storyboard */; };
		114C7D31237BFAB400E24C8A /* ConwayGameOfLifeTests.swift in Sources */ = {isa = PBXBuildFile; fileRef = 114C7D30237BFAB400E24C8A /* ConwayGameOfLifeTests.swift */; };
/* End PBXBuildFile section */

/* Begin PBXContainerItemProxy section */
		114C7D2D237BFAB400E24C8A /* PBXContainerItemProxy */ = {
			isa = PBXContainerItemProxy;
			containerPortal = 114C7D0E237BFAB300E24C8A /* Project object */;
			proxyType = 1;
			remoteGlobalIDString = 114C7D15237BFAB300E24C8A;
			remoteInfo = ConwayGameOfLife;
		};
/* End PBXContainerItemProxy section */

/* Begin PBXFileReference section */
		114C7D16237BFAB300E24C8A /* ConwayGameOfLife.app */ = {isa = PBXFileReference; explicitFileType = wrapper.application; includeInIndex = 0; path = ConwayGameOfLife.app; sourceTree = BUILT_PRODUCTS_DIR; };
		114C7D19237BFAB300E24C8A /* AppDelegate.swift */ = {isa = PBXFileReference; lastKnownFileType = sourcecode.swift; path = AppDelegate.swift; sourceTree = "<group>"; };
		114C7D1B237BFAB300E24C8A /* SceneDelegate.swift */ = {isa = PBXFileReference; lastKnownFileType = sourcecode.swift; path = SceneDelegate.swift; sourceTree = "<group>"; };
		114C7D1D237BFAB300E24C8A /* ContentView.swift */ = {isa = PBXFileReference; lastKnownFileType = sourcecode.swift; path = ContentView.swift; sourceTree = "<group>"; };
		114C7D1F237BFAB400E24C8A /* Assets.xcassets */ = {isa = PBXFileReference; lastKnownFileType = folder.assetcatalog; path = Assets.xcassets; sourceTree = "<group>"; };
		114C7D22237BFAB400E24C8A /* Preview Assets.xcassets */ = {isa = PBXFileReference; lastKnownFileType = folder.assetcatalog; path = "Preview Assets.xcassets"; sourceTree = "<group>"; };
		114C7D25237BFAB400E24C8A /* Base */ = {isa = PBXFileReference; lastKnownFileType = file.storyboard; name = Base; path = Base.lproj/LaunchScreen.storyboard; sourceTree = "<group>"; };
		114C7D27237BFAB400E24C8A /* Info.plist */ = {isa = PBXFileReference; lastKnownFileType = text.plist.xml; path = Info.plist; sourceTree = "<group>"; };
		114C7D2C237BFAB400E24C8A /* ConwayGameOfLifeTests.xctest */ = {isa = PBXFileReference; explicitFileType = wrapper.cfbundle; includeInIndex = 0; path = ConwayGameOfLifeTests.xctest; sourceTree = BUILT_PRODUCTS_DIR; };
		114C7D30237BFAB400E24C8A /* ConwayGameOfLifeTests.swift */ = {isa = PBXFileReference; lastKnownFileType = sourcecode.swift; path = ConwayGameOfLifeTests.swift; sourceTree = "<group>"; };
		114C7D32237BFAB400E24C8A /* Info.plist */ = {isa = PBXFileReference; lastKnownFileType = text.plist.xml; path = Info.plist; sourceTree = "<group>"; };
/* End PBXFileReference section */

/* Begin PBXFrameworksBuildPhase section */
		114C7D13237BFAB300E24C8A /* Frameworks */ = {
			isa = PBXFrameworksBuildPhase;
			buildActionMask = 2147483647;
			files = (
			);
			runOnlyForDeploymentPostprocessing = 0;
		};
		114C7D29237BFAB400E24C8A /* Frameworks */ = {
			isa = PBXFrameworksBuildPhase;
			buildActionMask = 2147483647;
			files = (
			);
			runOnlyForDeploymentPostprocessing = 0;
		};
/* End PBXFrameworksBuildPhase section */

/* Begin PBXGroup section */
		114C7D0D237BFAB300E24C8A = {
			isa = PBXGroup;
			children = (
				114C7D18237BFAB300E24C8A /* ConwayGameOfLife */,
				114C7D2F237BFAB400E24C8A /* ConwayGameOfLifeTests */,
				114C7D17237BFAB300E24C8A /* Products */,
			);
			sourceTree = "<group>";
		};
		114C7D17237BFAB300E24C8A /* Products */ = {
			isa = PBXGroup;
			children = (
				114C7D16237BFAB300E24C8A /* ConwayGameOfLife.app */,
				114C7D2C237BFAB400E24C8A /* ConwayGameOfLifeTests.xctest */,
			);
			name = Products;
			sourceTree = "<group>";
		};
		114C7D18237BFAB300E24C8A /* ConwayGameOfLife */ = {
			isa = PBXGroup;
			children = (
				114C7D19237BFAB300E24C8A /* AppDelegate.swift */,
				114C7D1B237BFAB300E24C8A /* SceneDelegate.swift */,
				114C7D1D237BFAB300E24C8A /* ContentView.swift */,
				114C7D1F237BFAB400E24C8A /* Assets.xcassets */,
				114C7D24237BFAB400E24C8A /* LaunchScreen.storyboard */,
				114C7D27237BFAB400E24C8A /* Info.plist */,
				114C7D21237BFAB400E24C8A /* Preview Content */,
			);
			path = ConwayGameOfLife;
			sourceTree = "<group>";
		};
		114C7D21237BFAB400E24C8A /* Preview Content */ = {
			isa = PBXGroup;
			children = (
				114C7D22237BFAB400E24C8A /* Preview Assets.xcassets */,
			);
			path = "Preview Content";
			sourceTree = "<group>";
		};
		114C7D2F237BFAB400E24C8A /* ConwayGameOfLifeTests */ = {
			isa = PBXGroup;
			children = (
				114C7D30237BFAB400E24C8A /* ConwayGameOfLifeTests.swift */,
				114C7D32237BFAB400E24C8A /* Info.plist */,
			);
			path = ConwayGameOfLifeTests;
			sourceTree = "<group>";
		};
/* End PBXGroup section */

/* Begin PBXNativeTarget section */
		114C7D15237BFAB300E24C8A /* ConwayGameOfLife */ = {
			isa = PBXNativeTarget;
			buildConfigurationList = 114C7D35237BFAB400E24C8A /* Build configuration list for PBXNativeTarget "ConwayGameOfLife" */;
			buildPhases = (
				114C7D12237BFAB300E24C8A /* Sources */,
				114C7D13237BFAB300E24C8A /* Frameworks */,
				114C7D14237BFAB300E24C8A /* Resources */,
			);
			buildRules = (
			);
			dependencies = (
			);
			name = ConwayGameOfLife;
			productName = ConwayGameOfLife;
			productReference = 114C7D16237BFAB300E24C8A /* ConwayGameOfLife.app */;
			productType = "com.apple.product-type.application";
		};
		114C7D2B237BFAB400E24C8A /* ConwayGameOfLifeTests */ = {
			isa = PBXNativeTarget;
			buildConfigurationList = 114C7D38237BFAB400E24C8A /* Build configuration list for PBXNativeTarget "ConwayGameOfLifeTests" */;
			buildPhases = (
				114C7D28237BFAB400E24C8A /* Sources */,
				114C7D29237BFAB400E24C8A /* Frameworks */,
				114C7D2A237BFAB400E24C8A /* Resources */,
			);
			buildRules = (
			);
			dependencies = (
				114C7D2E237BFAB400E24C8A /* PBXTargetDependency */,
			);
			name = ConwayGameOfLifeTests;
			productName = ConwayGameOfLifeTests;
			productReference = 114C7D2C237BFAB400E24C8A /* ConwayGameOfLifeTests.xctest */;
			productType = "com.apple.product-type.bundle.unit-test";
		};
/* End PBXNativeTarget section */

/* Begin PBXProject section */
		114C7D0E237BFAB300E24C8A /* Project object */ = {
			isa = PBXProject;
			attributes = {
				LastSwiftUpdateCheck = 1110;
				LastUpgradeCheck = 1110;
				ORGANIZATIONNAME = "Bow Authors";
				TargetAttributes = {
					114C7D15237BFAB300E24C8A = {
						CreatedOnToolsVersion = 11.1;
					};
					114C7D2B237BFAB400E24C8A = {
						CreatedOnToolsVersion = 11.1;
						TestTargetID = 114C7D15237BFAB300E24C8A;
					};
				};
			};
			buildConfigurationList = 114C7D11237BFAB300E24C8A /* Build configuration list for PBXProject "ConwayGameOfLife" */;
			compatibilityVersion = "Xcode 9.3";
			developmentRegion = en;
			hasScannedForEncodings = 0;
			knownRegions = (
				en,
				Base,
			);
			mainGroup = 114C7D0D237BFAB300E24C8A;
			productRefGroup = 114C7D17237BFAB300E24C8A /* Products */;
			projectDirPath = "";
			projectRoot = "";
			targets = (
				114C7D15237BFAB300E24C8A /* ConwayGameOfLife */,
				114C7D2B237BFAB400E24C8A /* ConwayGameOfLifeTests */,
			);
		};
/* End PBXProject section */

/* Begin PBXResourcesBuildPhase section */
		114C7D14237BFAB300E24C8A /* Resources */ = {
			isa = PBXResourcesBuildPhase;
			buildActionMask = 2147483647;
			files = (
				114C7D26237BFAB400E24C8A /* LaunchScreen.storyboard in Resources */,
				114C7D23237BFAB400E24C8A /* Preview Assets.xcassets in Resources */,
				114C7D20237BFAB400E24C8A /* Assets.xcassets in Resources */,
			);
			runOnlyForDeploymentPostprocessing = 0;
		};
		114C7D2A237BFAB400E24C8A /* Resources */ = {
			isa = PBXResourcesBuildPhase;
			buildActionMask = 2147483647;
			files = (
			);
			runOnlyForDeploymentPostprocessing = 0;
		};
/* End PBXResourcesBuildPhase section */

/* Begin PBXSourcesBuildPhase section */
		114C7D12237BFAB300E24C8A /* Sources */ = {
			isa = PBXSourcesBuildPhase;
			buildActionMask = 2147483647;
			files = (
				114C7D1A237BFAB300E24C8A /* AppDelegate.swift in Sources */,
				114C7D1C237BFAB300E24C8A /* SceneDelegate.swift in Sources */,
				114C7D1E237BFAB300E24C8A /* ContentView.swift in Sources */,
			);
			runOnlyForDeploymentPostprocessing = 0;
		};
		114C7D28237BFAB400E24C8A /* Sources */ = {
			isa = PBXSourcesBuildPhase;
			buildActionMask = 2147483647;
			files = (
				114C7D31237BFAB400E24C8A /* ConwayGameOfLifeTests.swift in Sources */,
			);
			runOnlyForDeploymentPostprocessing = 0;
		};
/* End PBXSourcesBuildPhase section */

/* Begin PBXTargetDependency section */
		114C7D2E237BFAB400E24C8A /* PBXTargetDependency */ = {
			isa = PBXTargetDependency;
			target = 114C7D15237BFAB300E24C8A /* ConwayGameOfLife */;
			targetProxy = 114C7D2D237BFAB400E24C8A /* PBXContainerItemProxy */;
		};
/* End PBXTargetDependency section */

/* Begin PBXVariantGroup section */
		114C7D24237BFAB400E24C8A /* LaunchScreen.storyboard */ = {
			isa = PBXVariantGroup;
			children = (
				114C7D25237BFAB400E24C8A /* Base */,
			);
			name = LaunchScreen.storyboard;
			sourceTree = "<group>";
		};
/* End PBXVariantGroup section */

/* Begin XCBuildConfiguration section */
		114C7D33237BFAB400E24C8A /* Debug */ = {
			isa = XCBuildConfiguration;
			buildSettings = {
				ALWAYS_SEARCH_USER_PATHS = NO;
				CLANG_ANALYZER_NONNULL = YES;
				CLANG_ANALYZER_NUMBER_OBJECT_CONVERSION = YES_AGGRESSIVE;
				CLANG_CXX_LANGUAGE_STANDARD = "gnu++14";
				CLANG_CXX_LIBRARY = "libc++";
				CLANG_ENABLE_MODULES = YES;
				CLANG_ENABLE_OBJC_ARC = YES;
				CLANG_ENABLE_OBJC_WEAK = YES;
				CLANG_WARN_BLOCK_CAPTURE_AUTORELEASING = YES;
				CLANG_WARN_BOOL_CONVERSION = YES;
				CLANG_WARN_COMMA = YES;
				CLANG_WARN_CONSTANT_CONVERSION = YES;
				CLANG_WARN_DEPRECATED_OBJC_IMPLEMENTATIONS = YES;
				CLANG_WARN_DIRECT_OBJC_ISA_USAGE = YES_ERROR;
				CLANG_WARN_DOCUMENTATION_COMMENTS = YES;
				CLANG_WARN_EMPTY_BODY = YES;
				CLANG_WARN_ENUM_CONVERSION = YES;
				CLANG_WARN_INFINITE_RECURSION = YES;
				CLANG_WARN_INT_CONVERSION = YES;
				CLANG_WARN_NON_LITERAL_NULL_CONVERSION = YES;
				CLANG_WARN_OBJC_IMPLICIT_RETAIN_SELF = YES;
				CLANG_WARN_OBJC_LITERAL_CONVERSION = YES;
				CLANG_WARN_OBJC_ROOT_CLASS = YES_ERROR;
				CLANG_WARN_RANGE_LOOP_ANALYSIS = YES;
				CLANG_WARN_STRICT_PROTOTYPES = YES;
				CLANG_WARN_SUSPICIOUS_MOVE = YES;
				CLANG_WARN_UNGUARDED_AVAILABILITY = YES_AGGRESSIVE;
				CLANG_WARN_UNREACHABLE_CODE = YES;
				CLANG_WARN__DUPLICATE_METHOD_MATCH = YES;
				COPY_PHASE_STRIP = NO;
				DEBUG_INFORMATION_FORMAT = dwarf;
				ENABLE_STRICT_OBJC_MSGSEND = YES;
				ENABLE_TESTABILITY = YES;
				GCC_C_LANGUAGE_STANDARD = gnu11;
				GCC_DYNAMIC_NO_PIC = NO;
				GCC_NO_COMMON_BLOCKS = YES;
				GCC_OPTIMIZATION_LEVEL = 0;
				GCC_PREPROCESSOR_DEFINITIONS = (
					"DEBUG=1",
					"$(inherited)",
				);
				GCC_WARN_64_TO_32_BIT_CONVERSION = YES;
				GCC_WARN_ABOUT_RETURN_TYPE = YES_ERROR;
				GCC_WARN_UNDECLARED_SELECTOR = YES;
				GCC_WARN_UNINITIALIZED_AUTOS = YES_AGGRESSIVE;
				GCC_WARN_UNUSED_FUNCTION = YES;
				GCC_WARN_UNUSED_VARIABLE = YES;
				IPHONEOS_DEPLOYMENT_TARGET = 13.1;
				MTL_ENABLE_DEBUG_INFO = INCLUDE_SOURCE;
				MTL_FAST_MATH = YES;
				ONLY_ACTIVE_ARCH = YES;
				SDKROOT = iphoneos;
				SWIFT_ACTIVE_COMPILATION_CONDITIONS = DEBUG;
				SWIFT_OPTIMIZATION_LEVEL = "-Onone";
			};
			name = Debug;
		};
		114C7D34237BFAB400E24C8A /* Release */ = {
			isa = XCBuildConfiguration;
			buildSettings = {
				ALWAYS_SEARCH_USER_PATHS = NO;
				CLANG_ANALYZER_NONNULL = YES;
				CLANG_ANALYZER_NUMBER_OBJECT_CONVERSION = YES_AGGRESSIVE;
				CLANG_CXX_LANGUAGE_STANDARD = "gnu++14";
				CLANG_CXX_LIBRARY = "libc++";
				CLANG_ENABLE_MODULES = YES;
				CLANG_ENABLE_OBJC_ARC = YES;
				CLANG_ENABLE_OBJC_WEAK = YES;
				CLANG_WARN_BLOCK_CAPTURE_AUTORELEASING = YES;
				CLANG_WARN_BOOL_CONVERSION = YES;
				CLANG_WARN_COMMA = YES;
				CLANG_WARN_CONSTANT_CONVERSION = YES;
				CLANG_WARN_DEPRECATED_OBJC_IMPLEMENTATIONS = YES;
				CLANG_WARN_DIRECT_OBJC_ISA_USAGE = YES_ERROR;
				CLANG_WARN_DOCUMENTATION_COMMENTS = YES;
				CLANG_WARN_EMPTY_BODY = YES;
				CLANG_WARN_ENUM_CONVERSION = YES;
				CLANG_WARN_INFINITE_RECURSION = YES;
				CLANG_WARN_INT_CONVERSION = YES;
				CLANG_WARN_NON_LITERAL_NULL_CONVERSION = YES;
				CLANG_WARN_OBJC_IMPLICIT_RETAIN_SELF = YES;
				CLANG_WARN_OBJC_LITERAL_CONVERSION = YES;
				CLANG_WARN_OBJC_ROOT_CLASS = YES_ERROR;
				CLANG_WARN_RANGE_LOOP_ANALYSIS = YES;
				CLANG_WARN_STRICT_PROTOTYPES = YES;
				CLANG_WARN_SUSPICIOUS_MOVE = YES;
				CLANG_WARN_UNGUARDED_AVAILABILITY = YES_AGGRESSIVE;
				CLANG_WARN_UNREACHABLE_CODE = YES;
				CLANG_WARN__DUPLICATE_METHOD_MATCH = YES;
				COPY_PHASE_STRIP = NO;
				DEBUG_INFORMATION_FORMAT = "dwarf-with-dsym";
				ENABLE_NS_ASSERTIONS = NO;
				ENABLE_STRICT_OBJC_MSGSEND = YES;
				GCC_C_LANGUAGE_STANDARD = gnu11;
				GCC_NO_COMMON_BLOCKS = YES;
				GCC_WARN_64_TO_32_BIT_CONVERSION = YES;
				GCC_WARN_ABOUT_RETURN_TYPE = YES_ERROR;
				GCC_WARN_UNDECLARED_SELECTOR = YES;
				GCC_WARN_UNINITIALIZED_AUTOS = YES_AGGRESSIVE;
				GCC_WARN_UNUSED_FUNCTION = YES;
				GCC_WARN_UNUSED_VARIABLE = YES;
				IPHONEOS_DEPLOYMENT_TARGET = 13.1;
				MTL_ENABLE_DEBUG_INFO = NO;
				MTL_FAST_MATH = YES;
				SDKROOT = iphoneos;
				SWIFT_COMPILATION_MODE = wholemodule;
				SWIFT_OPTIMIZATION_LEVEL = "-O";
				VALIDATE_PRODUCT = YES;
			};
			name = Release;
		};
		114C7D36237BFAB400E24C8A /* Debug */ = {
			isa = XCBuildConfiguration;
			buildSettings = {
				ASSETCATALOG_COMPILER_APPICON_NAME = AppIcon;
				CODE_SIGN_STYLE = Automatic;
				DEVELOPMENT_ASSET_PATHS = "\"ConwayGameOfLife/Preview Content\"";
				ENABLE_PREVIEWS = YES;
				INFOPLIST_FILE = ConwayGameOfLife/Info.plist;
				LD_RUNPATH_SEARCH_PATHS = (
					"$(inherited)",
					"@executable_path/Frameworks",
				);
				PRODUCT_BUNDLE_IDENTIFIER = "com.bow-swift.ConwayGameOfLife";
				PRODUCT_NAME = "$(TARGET_NAME)";
				SWIFT_VERSION = 5.0;
				TARGETED_DEVICE_FAMILY = "1,2";
			};
			name = Debug;
		};
		114C7D37237BFAB400E24C8A /* Release */ = {
			isa = XCBuildConfiguration;
			buildSettings = {
				ASSETCATALOG_COMPILER_APPICON_NAME = AppIcon;
				CODE_SIGN_STYLE = Automatic;
				DEVELOPMENT_ASSET_PATHS = "\"ConwayGameOfLife/Preview Content\"";
				ENABLE_PREVIEWS = YES;
				INFOPLIST_FILE = ConwayGameOfLife/Info.plist;
				LD_RUNPATH_SEARCH_PATHS = (
					"$(inherited)",
					"@executable_path/Frameworks",
				);
				PRODUCT_BUNDLE_IDENTIFIER = "com.bow-swift.ConwayGameOfLife";
				PRODUCT_NAME = "$(TARGET_NAME)";
				SWIFT_VERSION = 5.0;
				TARGETED_DEVICE_FAMILY = "1,2";
			};
			name = Release;
		};
		114C7D39237BFAB400E24C8A /* Debug */ = {
			isa = XCBuildConfiguration;
			buildSettings = {
				ALWAYS_EMBED_SWIFT_STANDARD_LIBRARIES = YES;
				BUNDLE_LOADER = "$(TEST_HOST)";
				CODE_SIGN_STYLE = Automatic;
				INFOPLIST_FILE = ConwayGameOfLifeTests/Info.plist;
				IPHONEOS_DEPLOYMENT_TARGET = 13.1;
				LD_RUNPATH_SEARCH_PATHS = (
					"$(inherited)",
					"@executable_path/Frameworks",
					"@loader_path/Frameworks",
				);
				PRODUCT_BUNDLE_IDENTIFIER = "com.bow-swift.ConwayGameOfLifeTests";
				PRODUCT_NAME = "$(TARGET_NAME)";
				SWIFT_VERSION = 5.0;
				TARGETED_DEVICE_FAMILY = "1,2";
				TEST_HOST = "$(BUILT_PRODUCTS_DIR)/ConwayGameOfLife.app/ConwayGameOfLife";
			};
			name = Debug;
		};
		114C7D3A237BFAB400E24C8A /* Release */ = {
			isa = XCBuildConfiguration;
			buildSettings = {
				ALWAYS_EMBED_SWIFT_STANDARD_LIBRARIES = YES;
				BUNDLE_LOADER = "$(TEST_HOST)";
				CODE_SIGN_STYLE = Automatic;
				INFOPLIST_FILE = ConwayGameOfLifeTests/Info.plist;
				IPHONEOS_DEPLOYMENT_TARGET = 13.1;
				LD_RUNPATH_SEARCH_PATHS = (
					"$(inherited)",
					"@executable_path/Frameworks",
					"@loader_path/Frameworks",
				);
				PRODUCT_BUNDLE_IDENTIFIER = "com.bow-swift.ConwayGameOfLifeTests";
				PRODUCT_NAME = "$(TARGET_NAME)";
				SWIFT_VERSION = 5.0;
				TARGETED_DEVICE_FAMILY = "1,2";
				TEST_HOST = "$(BUILT_PRODUCTS_DIR)/ConwayGameOfLife.app/ConwayGameOfLife";
			};
			name = Release;
		};
/* End XCBuildConfiguration section */

/* Begin XCConfigurationList section */
		114C7D11237BFAB300E24C8A /* Build configuration list for PBXProject "ConwayGameOfLife" */ = {
			isa = XCConfigurationList;
			buildConfigurations = (
				114C7D33237BFAB400E24C8A /* Debug */,
				114C7D34237BFAB400E24C8A /* Release */,
			);
			defaultConfigurationIsVisible = 0;
			defaultConfigurationName = Release;
		};
		114C7D35237BFAB400E24C8A /* Build configuration list for PBXNativeTarget "ConwayGameOfLife" */ = {
			isa = XCConfigurationList;
			buildConfigurations = (
				114C7D36237BFAB400E24C8A /* Debug */,
				114C7D37237BFAB400E24C8A /* Release */,
			);
			defaultConfigurationIsVisible = 0;
			defaultConfigurationName = Release;
		};
		114C7D38237BFAB400E24C8A /* Build configuration list for PBXNativeTarget "ConwayGameOfLifeTests" */ = {
			isa = XCConfigurationList;
			buildConfigurations = (
				114C7D39237BFAB400E24C8A /* Debug */,
				114C7D3A237BFAB400E24C8A /* Release */,
			);
			defaultConfigurationIsVisible = 0;
			defaultConfigurationName = Release;
		};
/* End XCConfigurationList section */
	};
	rootObject = 114C7D0E237BFAB300E24C8A /* Project object */;
}
